# @generated - this file is auto-generated by `mise lock` https://mise.en.dev/dev-tools/mise-lock.html

[[tools."aqua:golangci/golangci-lint"]]
version = "2.12.1"
backend = "aqua:golangci/golangci-lint"

[tools."aqua:golangci/golangci-lint"."platforms.linux-arm64"]
checksum = "sha256:23c8e14f42b288d11d46ef52c622e2481d92901edfb263c2cf10875f38d386c4"
url = "https://github.com/golangci/golangci-lint/releases/download/v2.12.1/golangci-lint-2.12.1-linux-arm64.tar.gz"
provenance = "github-attestations"

[tools."aqua:golangci/golangci-lint"."platforms.linux-arm64-musl"]
checksum = "sha256:23c8e14f42b288d11d46ef52c622e2481d92901edfb263c2cf10875f38d386c4"
url = "https://github.com/golangci/golangci-lint/releases/download/v2.12.1/golangci-lint-2.12.1-linux-arm64.tar.gz"
provenance = "github-attestations"

[tools."aqua:golangci/golangci-lint"."platforms.linux-x64"]
checksum = "sha256:82c7932d9aa10c34e22ef56961ac5aad71d4a14806a1a31b06931add2688b368"
url = "https://github.com/golangci/golangci-lint/releases/download/v2.12.1/golangci-lint-2.12.1-linux-amd64.tar.gz"
provenance = "github-attestations"

[tools."aqua:golangci/golangci-lint"."platforms.linux-x64-musl"]
checksum = "sha256:82c7932d9aa10c34e22ef56961ac5aad71d4a14806a1a31b06931add2688b368"
url = "https://github.com/golangci/golangci-lint/releases/download/v2.12.1/golangci-lint-2.12.1-linux-amd64.tar.gz"
provenance = "github-attestations"

[tools."aqua:golangci/golangci-lint"."platforms.macos-arm64"]
checksum = "sha256:393a64ef9b75a5b6c8c8bf8895b8d8208790e6690a43de19a12f3f8bc0e9ad52"
url = "https://github.com/golangci/golangci-lint/releases/download/v2.12.1/golangci-lint-2.12.1-darwin-arm64.tar.gz"
provenance = "github-attestations"

[tools."aqua:golangci/golangci-lint"."platforms.macos-x64"]
checksum = "sha256:26a9508ee6d35e89201145b94261d7b55d779474c57677a7bba8b1f12f59309f"
url = "https://github.com/golangci/golangci-lint/releases/download/v2.12.1/golangci-lint-2.12.1-darwin-amd64.tar.gz"
provenance = "github-attestations"

[tools."aqua:golangci/golangci-lint"."platforms.windows-x64"]
checksum = "sha256:2b2f837b2a7b91787ecb9b7493bdeae801e9f84e6588984b2c33c34dc2956478"
url = "https://github.com/golangci/golangci-lint/releases/download/v2.12.1/golangci-lint-2.12.1-windows-amd64.zip"
provenance = "github-attestations"

[[tools."github:abhinav/doc2go"]]
version = "0.12.1"
backend = "github:abhinav/doc2go"

[tools."github:abhinav/doc2go"."platforms.linux-arm64"]
checksum = "sha256:fdc4337d9781fae4a45eefd43f128ac3a158f2761c4f31e30ba2daada776c071"
url = "https://github.com/abhinav/doc2go/releases/download/v0.12.1/doc2go-linux-arm64.tar.gz"
url_api = "https://api.github.com/repos/abhinav/doc2go/releases/assets/389558989"

[tools."github:abhinav/doc2go"."platforms.linux-arm64-musl"]
checksum = "sha256:fdc4337d9781fae4a45eefd43f128ac3a158f2761c4f31e30ba2daada776c071"
url = "https://github.com/abhinav/doc2go/releases/download/v0.12.1/doc2go-linux-arm64.tar.gz"
url_api = "https://api.github.com/repos/abhinav/doc2go/releases/assets/389558989"

[tools."github:abhinav/doc2go"."platforms.linux-x64"]
checksum = "sha256:9657c9c3823e7bfe71563806676ce115c5e0c0c359da6801965d2b4b3f0ef848"
url = "https://github.com/abhinav/doc2go/releases/download/v0.12.1/doc2go-linux-amd64.tar.gz"
url_api = "https://api.github.com/repos/abhinav/doc2go/releases/assets/389558981"

[tools."github:abhinav/doc2go"."platforms.linux-x64-musl"]
checksum = "sha256:9657c9c3823e7bfe71563806676ce115c5e0c0c359da6801965d2b4b3f0ef848"
url = "https://github.com/abhinav/doc2go/releases/download/v0.12.1/doc2go-linux-amd64.tar.gz"
url_api = "https://api.github.com/repos/abhinav/doc2go/releases/assets/389558981"

[tools."github:abhinav/doc2go"."platforms.macos-arm64"]
checksum = "sha256:0c26adbdb679499cd3ab086a9dba025d8e4d2c7ef40afc276f3c41cc9929b233"
url = "https://github.com/abhinav/doc2go/releases/download/v0.12.1/doc2go-darwin-arm64.tar.gz"
url_api = "https://api.github.com/repos/abhinav/doc2go/releases/assets/389558980"

[tools."github:abhinav/doc2go"."platforms.macos-x64"]
checksum = "sha256:9d050fede3eadfcfbdfb259fe9b1610cfa0eb3cf3fdf44f841b79b777934d4b5"
url = "https://github.com/abhinav/doc2go/releases/download/v0.12.1/doc2go-darwin-amd64.tar.gz"
url_api = "https://api.github.com/repos/abhinav/doc2go/releases/assets/389558982"

[tools."github:abhinav/doc2go"."platforms.windows-x64"]
checksum = "sha256:170322dc0ba2648f37d58c6b6e92e397a479ebb7978bbc9beba27f1ea6709000"
url = "https://github.com/abhinav/doc2go/releases/download/v0.12.1/doc2go-windows-amd64.tar.gz"
url_api = "https://api.github.com/repos/abhinav/doc2go/releases/assets/389558991"

[[tools."github:miniscruff/changie"]]
version = "1.24.0"
backend = "github:miniscruff/changie"

[tools."github:miniscruff/changie"."platforms.linux-arm64"]
checksum = "sha256:0eaf34f01c24f7825614897427e42553070fb4407070a33759f82b117a6c3afc"
url = "https://github.com/miniscruff/changie/releases/download/v1.24.0/changie_1.24.0_linux_arm64.tar.gz"
url_api = "https://api.github.com/repos/miniscruff/changie/releases/assets/319542127"

[tools."github:miniscruff/changie"."platforms.linux-arm64-musl"]
checksum = "sha256:0eaf34f01c24f7825614897427e42553070fb4407070a33759f82b117a6c3afc"
url = "https://github.com/miniscruff/changie/releases/download/v1.24.0/changie_1.24.0_linux_arm64.tar.gz"
url_api = "https://api.github.com/repos/miniscruff/changie/releases/assets/319542127"

[tools."github:miniscruff/changie"."platforms.linux-x64"]
checksum = "sha256:706937c1874eb7c270d15f644d8a84a74dfa7f27778cbc8ca9cb045a0d68d9df"
url = "https://github.com/miniscruff/changie/releases/download/v1.24.0/changie_1.24.0_linux_amd64.tar.gz"
url_api = "https://api.github.com/repos/miniscruff/changie/releases/assets/319542133"

[tools."github:miniscruff/changie"."platforms.linux-x64-musl"]
checksum = "sha256:706937c1874eb7c270d15f644d8a84a74dfa7f27778cbc8ca9cb045a0d68d9df"
url = "https://github.com/miniscruff/changie/releases/download/v1.24.0/changie_1.24.0_linux_amd64.tar.gz"
url_api = "https://api.github.com/repos/miniscruff/changie/releases/assets/319542133"

[tools."github:miniscruff/changie"."platforms.macos-arm64"]
checksum = "sha256:cdbca27a073fc741c5ff08e9792444f459dbc5cff151ecb7118f2fdab9ea346f"
url = "https://github.com/miniscruff/changie/releases/download/v1.24.0/changie_1.24.0_darwin_arm64.tar.gz"
url_api = "https://api.github.com/repos/miniscruff/changie/releases/assets/319542132"

[tools."github:miniscruff/changie"."platforms.macos-x64"]
checksum = "sha256:4ffd88cb50b2ad382b609318a41be81e7d29a750be7607fab7024e76cccb67fa"
url = "https://github.com/miniscruff/changie/releases/download/v1.24.0/changie_1.24.0_darwin_amd64.tar.gz"
url_api = "https://api.github.com/repos/miniscruff/changie/releases/assets/319542130"

[tools."github:miniscruff/changie"."platforms.windows-x64"]
checksum = "sha256:4a90748c1da0179afe282599b562e75ef2cb5ce34e25d5f67e70ef20725b9e1d"
url = "https://github.com/miniscruff/changie/releases/download/v1.24.0/changie_1.24.0_windows_amd64.zip"
url_api = "https://api.github.com/repos/miniscruff/changie/releases/assets/319542125"

[[tools.go]]
version = "1.26.2"
backend = "core:go"

[tools.go."platforms.linux-arm64"]
checksum = "sha256:c958a1fe1b361391db163a485e21f5f228142d6f8b584f6bef89b26f66dc5b23"
url = "https://dl.google.com/go/go1.26.2.linux-arm64.tar.gz"

[tools.go."platforms.linux-arm64-musl"]
checksum = "sha256:c958a1fe1b361391db163a485e21f5f228142d6f8b584f6bef89b26f66dc5b23"
url = "https://dl.google.com/go/go1.26.2.linux-arm64.tar.gz"

[tools.go."platforms.linux-x64"]
checksum = "sha256:990e6b4bbba816dc3ee129eaeaf4b42f17c2800b88a2166c265ac1a200262282"
url = "https://dl.google.com/go/go1.26.2.linux-amd64.tar.gz"

[tools.go."platforms.linux-x64-musl"]
checksum = "sha256:990e6b4bbba816dc3ee129eaeaf4b42f17c2800b88a2166c265ac1a200262282"
url = "https://dl.google.com/go/go1.26.2.linux-amd64.tar.gz"

[tools.go."platforms.macos-arm64"]
checksum = "sha256:32af1522bf3e3ff3975864780a429cc0b41d190ec7bf90faa661d6d64566e7af"
url = "https://dl.google.com/go/go1.26.2.darwin-arm64.tar.gz"

[tools.go."platforms.macos-x64"]
checksum = "sha256:bc3f1500d9968c36d705442d90ba91addf9271665033748b82532682e90a7966"
url = "https://dl.google.com/go/go1.26.2.darwin-amd64.tar.gz"

[tools.go."platforms.windows-x64"]
checksum = "sha256:98eb3570bade15cb826b0909338df6cc6d2cf590bc39c471142002db3832b708"
url = "https://dl.google.com/go/go1.26.2.windows-amd64.zip"
